// !$*UTF8*$!
{
	archiveVersion = 1;
	classes = {
	};
	objectVersion = 48;
	objects = {

/* Begin PBXBuildFile section */
		4C65D7B1238C148D008E21CD /* Cacher.h in Headers */ = {isa = PBXBuildFile; fileRef = 4C710F1F238B171600EB455F /* Cacher.h */; settings = {ATTRIBUTES = (Public, ); }; };
		4C710F21238B171600EB455F /* Cacher.swift in Sources */ = {isa = PBXBuildFile; fileRef = 4C710F1E238B171600EB455F /* Cacher.swift */; };
		4C710F28238B172A00EB455F /* CacherTests.swift in Sources */ = {isa = PBXBuildFile; fileRef = 4C710F26238B172A00EB455F /* CacherTests.swift */; };
		4CB7615B1F116F9C00E6F9BE /* AppDelegate.swift in Sources */ = {isa = PBXBuildFile; fileRef = 4CB7615A1F116F9C00E6F9BE /* AppDelegate.swift */; };
		4CB7615D1F116F9C00E6F9BE /* ViewController.swift in Sources */ = {isa = PBXBuildFile; fileRef = 4CB7615C1F116F9C00E6F9BE /* ViewController.swift */; };
		4CB761601F116F9C00E6F9BE /* Main.storyboard in Resources */ = {isa = PBXBuildFile; fileRef = 4CB7615E1F116F9C00E6F9BE /* Main.storyboard */; };
		4CB761621F116F9C00E6F9BE /* Assets.xcassets in Resources */ = {isa = PBXBuildFile; fileRef = 4CB761611F116F9C00E6F9BE /* Assets.xcassets */; };
		4CB761651F116F9C00E6F9BE /* LaunchScreen.storyboard in Resources */ = {isa = PBXBuildFile; fileRef = 4CB761631F116F9C00E6F9BE /* LaunchScreen.storyboard */; };
		4CCF5E5A1F5DEF7300CDC01C /* Cacher.framework in Frameworks */ = {isa = PBXBuildFile; fileRef = 4CE8823A1F116D8400A2F3D8 /* Cacher.framework */; };
		4CCF5E5B1F5DEF7300CDC01C /* Cacher.framework in Embed Frameworks */ = {isa = PBXBuildFile; fileRef = 4CE8823A1F116D8400A2F3D8 /* Cacher.framework */; settings = {ATTRIBUTES = (CodeSignOnCopy, RemoveHeadersOnCopy, ); }; };
		4CE882441F116D8400A2F3D8 /* Cacher.framework in Frameworks */ = {isa = PBXBuildFile; fileRef = 4CE8823A1F116D8400A2F3D8 /* Cacher.framework */; };
/* End PBXBuildFile section */

/* Begin PBXContainerItemProxy section */
		4C11C6C61F8537A500EE0E35 /* PBXContainerItemProxy */ = {
			isa = PBXContainerItemProxy;
			containerPortal = 4CE882311F116D8400A2F3D8 /* Project object */;
			proxyType = 1;
			remoteGlobalIDString = 4CE882391F116D8400A2F3D8;
			remoteInfo = Cacher;
		};
		4C710F2C238C138C00EB455F /* PBXContainerItemProxy */ = {
			isa = PBXContainerItemProxy;
			containerPortal = 4CE882311F116D8400A2F3D8 /* Project object */;
			proxyType = 1;
			remoteGlobalIDString = 4CB761571F116F9B00E6F9BE;
			remoteInfo = CacherDemo;
		};
		4CE882451F116D8400A2F3D8 /* PBXContainerItemProxy */ = {
			isa = PBXContainerItemProxy;
			containerPortal = 4CE882311F116D8400A2F3D8 /* Project object */;
			proxyType = 1;
			remoteGlobalIDString = 4CE882391F116D8400A2F3D8;
			remoteInfo = Cacher;
		};
/* End PBXContainerItemProxy section */

/* Begin PBXCopyFilesBuildPhase section */
		4CCF5E5E1F5DEF7300CDC01C /* Embed Frameworks */ = {
			isa = PBXCopyFilesBuildPhase;
			buildActionMask = 2147483647;
			dstPath = "";
			dstSubfolderSpec = 10;
			files = (
				4CCF5E5B1F5DEF7300CDC01C /* Cacher.framework in Embed Frameworks */,
			);
			name = "Embed Frameworks";
			runOnlyForDeploymentPostprocessing = 0;
		};
/* End PBXCopyFilesBuildPhase section */

/* Begin PBXFileReference section */
		4C710F1E238B171600EB455F /* Cacher.swift */ = {isa = PBXFileReference; fileEncoding = 4; lastKnownFileType = sourcecode.swift; path = Cacher.swift; sourceTree = "<group>"; };
		4C710F1F238B171600EB455F /* Cacher.h */ = {isa = PBXFileReference; fileEncoding = 4; lastKnownFileType = sourcecode.c.h; path = Cacher.h; sourceTree = "<group>"; };
		4C710F20238B171600EB455F /* Info.plist */ = {isa = PBXFileReference; fileEncoding = 4; lastKnownFileType = text.plist.xml; path = Info.plist; sourceTree = "<group>"; };
		4C710F26238B172A00EB455F /* CacherTests.swift */ = {isa = PBXFileReference; fileEncoding = 4; lastKnownFileType = sourcecode.swift; path = CacherTests.swift; sourceTree = "<group>"; };
		4C710F27238B172A00EB455F /* Info.plist */ = {isa = PBXFileReference; fileEncoding = 4; lastKnownFileType = text.plist.xml; path = Info.plist; sourceTree = "<group>"; };
		4CB761581F116F9B00E6F9BE /* CacherDemo.app */ = {isa = PBXFileReference; explicitFileType = wrapper.application; includeInIndex = 0; path = CacherDemo.app; sourceTree = BUILT_PRODUCTS_DIR; };
		4CB7615A1F116F9C00E6F9BE /* AppDelegate.swift */ = {isa = PBXFileReference; lastKnownFileType = sourcecode.swift; path = AppDelegate.swift; sourceTree = "<group>"; };
		4CB7615C1F116F9C00E6F9BE /* ViewController.swift */ = {isa = PBXFileReference; lastKnownFileType = sourcecode.swift; path = ViewController.swift; sourceTree = "<group>"; };
		4CB7615F1F116F9C00E6F9BE /* Base */ = {isa = PBXFileReference; lastKnownFileType = file.storyboard; name = Base; path = Base.lproj/Main.storyboard; sourceTree = "<group>"; };
		4CB761611F116F9C00E6F9BE /* Assets.xcassets */ = {isa = PBXFileReference; lastKnownFileType = folder.assetcatalog; path = Assets.xcassets; sourceTree = "<group>"; };
		4CB761641F116F9C00E6F9BE /* Base */ = {isa = PBXFileReference; lastKnownFileType = file.storyboard; name = Base; path = Base.lproj/LaunchScreen.storyboard; sourceTree = "<group>"; };
		4CB761661F116F9C00E6F9BE /* Info.plist */ = {isa = PBXFileReference; lastKnownFileType = text.plist.xml; path = Info.plist; sourceTree = "<group>"; };
		4CE8823A1F116D8400A2F3D8 /* Cacher.framework */ = {isa = PBXFileReference; explicitFileType = wrapper.framework; includeInIndex = 0; path = Cacher.framework; sourceTree = BUILT_PRODUCTS_DIR; };
		4CE882431F116D8400A2F3D8 /* CacherTests.xctest */ = {isa = PBXFileReference; explicitFileType = wrapper.cfbundle; includeInIndex = 0; path = CacherTests.xctest; sourceTree = BUILT_PRODUCTS_DIR; };
/* End PBXFileReference section */

/* Begin PBXFrameworksBuildPhase section */
		4CB761551F116F9B00E6F9BE /* Frameworks */ = {
			isa = PBXFrameworksBuildPhase;
			buildActionMask = 2147483647;
			files = (
				4CCF5E5A1F5DEF7300CDC01C /* Cacher.framework in Frameworks */,
			);
			runOnlyForDeploymentPostprocessing = 0;
		};
		4CE882361F116D8400A2F3D8 /* Frameworks */ = {
			isa = PBXFrameworksBuildPhase;
			buildActionMask = 2147483647;
			files = (
			);
			runOnlyForDeploymentPostprocessing = 0;
		};
		4CE882401F116D8400A2F3D8 /* Frameworks */ = {
			isa = PBXFrameworksBuildPhase;
			buildActionMask = 2147483647;
			files = (
				4CE882441F116D8400A2F3D8 /* Cacher.framework in Frameworks */,
			);
			runOnlyForDeploymentPostprocessing = 0;
		};
/* End PBXFrameworksBuildPhase section */

/* Begin PBXGroup section */
		4C710F1A238B171600EB455F /* Sources */ = {
			isa = PBXGroup;
			children = (
				4CF38EAB238DE86A00CFA350 /* Cacher */,
			);
			path = Sources;
			sourceTree = "<group>";
		};
		4C710F24238B172A00EB455F /* Tests */ = {
			isa = PBXGroup;
			children = (
				4CF38EAC238DE87800CFA350 /* CacherTests */,
			);
			path = Tests;
			sourceTree = "<group>";
		};
		4CB761591F116F9C00E6F9BE /* CacherDemo */ = {
			isa = PBXGroup;
			children = (
				4CB7615A1F116F9C00E6F9BE /* AppDelegate.swift */,
				4CB7615C1F116F9C00E6F9BE /* ViewController.swift */,
				4CB7615E1F116F9C00E6F9BE /* Main.storyboard */,
				4CB761611F116F9C00E6F9BE /* Assets.xcassets */,
				4CB761631F116F9C00E6F9BE /* LaunchScreen.storyboard */,
				4CB761661F116F9C00E6F9BE /* Info.plist */,
			);
			path = CacherDemo;
			sourceTree = "<group>";
		};
		4CDE502B1FEEF97F005E814F /* Frameworks */ = {
			isa = PBXGroup;
			children = (
			);
			name = Frameworks;
			sourceTree = "<group>";
		};
		4CE882301F116D8400A2F3D8 = {
			isa = PBXGroup;
			children = (
				4CB761591F116F9C00E6F9BE /* CacherDemo */,
				4CDE502B1FEEF97F005E814F /* Frameworks */,
				4CE8823B1F116D8400A2F3D8 /* Products */,
				4C710F1A238B171600EB455F /* Sources */,
				4C710F24238B172A00EB455F /* Tests */,
			);
			sourceTree = "<group>";
		};
		4CE8823B1F116D8400A2F3D8 /* Products */ = {
			isa = PBXGroup;
			children = (
				4CE8823A1F116D8400A2F3D8 /* Cacher.framework */,
				4CE882431F116D8400A2F3D8 /* CacherTests.xctest */,
				4CB761581F116F9B00E6F9BE /* CacherDemo.app */,
			);
			name = Products;
			sourceTree = "<group>";
		};
		4CF38EAB238DE86A00CFA350 /* Cacher */ = {
			isa = PBXGroup;
			children = (
				4C710F1E238B171600EB455F /* Cacher.swift */,
				4C710F1F238B171600EB455F /* Cacher.h */,
				4C710F20238B171600EB455F /* Info.plist */,
			);
			path = Cacher;
			sourceTree = "<group>";
		};
		4CF38EAC238DE87800CFA350 /* CacherTests */ = {
			isa = PBXGroup;
			children = (
				4C710F26238B172A00EB455F /* CacherTests.swift */,
				4C710F27238B172A00EB455F /* Info.plist */,
			);
			path = CacherTests;
			sourceTree = "<group>";
		};
/* End PBXGroup section */

/* Begin PBXHeadersBuildPhase section */
		4CE882371F116D8400A2F3D8 /* Headers */ = {
			isa = PBXHeadersBuildPhase;
			buildActionMask = 2147483647;
			files = (
				4C65D7B1238C148D008E21CD /* Cacher.h in Headers */,
			);
			runOnlyForDeploymentPostprocessing = 0;
		};
/* End PBXHeadersBuildPhase section */

/* Begin PBXNativeTarget section */
		4CB761571F116F9B00E6F9BE /* CacherDemo */ = {
			isa = PBXNativeTarget;
			buildConfigurationList = 4CB761671F116F9C00E6F9BE /* Build configuration list for PBXNativeTarget "CacherDemo" */;
			buildPhases = (
				4CB761541F116F9B00E6F9BE /* Sources */,
				4CB761551F116F9B00E6F9BE /* Frameworks */,
				4CB761561F116F9B00E6F9BE /* Resources */,
				4CCF5E5E1F5DEF7300CDC01C /* Embed Frameworks */,
			);
			buildRules = (
			);
			dependencies = (
				4CCF5E5D1F5DEF7300CDC01C /* PBXTargetDependency */,
			);
			name = CacherDemo;
			productName = CacherDemo;
			productReference = 4CB761581F116F9B00E6F9BE /* CacherDemo.app */;
			productType = "com.apple.product-type.application";
		};
		4CE882391F116D8400A2F3D8 /* Cacher */ = {
			isa = PBXNativeTarget;
			buildConfigurationList = 4CE8824E1F116D8400A2F3D8 /* Build configuration list for PBXNativeTarget "Cacher" */;
			buildPhases = (
				4CE882351F116D8400A2F3D8 /* Sources */,
				4CE882361F116D8400A2F3D8 /* Frameworks */,
				4CE882371F116D8400A2F3D8 /* Headers */,
				4CE882381F116D8400A2F3D8 /* Resources */,
			);
			buildRules = (
			);
			dependencies = (
			);
			name = Cacher;
			productName = Cacher;
			productReference = 4CE8823A1F116D8400A2F3D8 /* Cacher.framework */;
			productType = "com.apple.product-type.framework";
		};
		4CE882421F116D8400A2F3D8 /* CacherTests */ = {
			isa = PBXNativeTarget;
			buildConfigurationList = 4CE882511F116D8400A2F3D8 /* Build configuration list for PBXNativeTarget "CacherTests" */;
			buildPhases = (
				4CE8823F1F116D8400A2F3D8 /* Sources */,
				4CE882401F116D8400A2F3D8 /* Frameworks */,
				4CE882411F116D8400A2F3D8 /* Resources */,
			);
			buildRules = (
			);
			dependencies = (
				4CE882461F116D8400A2F3D8 /* PBXTargetDependency */,
				4C710F2D238C138C00EB455F /* PBXTargetDependency */,
			);
			name = CacherTests;
			productName = CacherTests;
			productReference = 4CE882431F116D8400A2F3D8 /* CacherTests.xctest */;
			productType = "com.apple.product-type.bundle.unit-test";
		};
/* End PBXNativeTarget section */

/* Begin PBXProject section */
		4CE882311F116D8400A2F3D8 /* Project object */ = {
			isa = PBXProject;
			attributes = {
				LastSwiftUpdateCheck = 0900;
				LastUpgradeCheck = 0930;
				ORGANIZATIONNAME = "Raul Riera";
				TargetAttributes = {
					4CB761571F116F9B00E6F9BE = {
						CreatedOnToolsVersion = 9.0;
						LastSwiftMigration = 1120;
					};
					4CE882391F116D8400A2F3D8 = {
						CreatedOnToolsVersion = 9.0;
						LastSwiftMigration = 1120;
						ProvisioningStyle = Manual;
					};
					4CE882421F116D8400A2F3D8 = {
						CreatedOnToolsVersion = 9.0;
						ProvisioningStyle = Automatic;
					};
				};
			};
			buildConfigurationList = 4CE882341F116D8400A2F3D8 /* Build configuration list for PBXProject "Cacher" */;
			compatibilityVersion = "Xcode 8.0";
			developmentRegion = en;
			hasScannedForEncodings = 0;
			knownRegions = (
				en,
				Base,
			);
			mainGroup = 4CE882301F116D8400A2F3D8;
			productRefGroup = 4CE8823B1F116D8400A2F3D8 /* Products */;
			projectDirPath = "";
			projectRoot = "";
			targets = (
				4CE882391F116D8400A2F3D8 /* Cacher */,
				4CE882421F116D8400A2F3D8 /* CacherTests */,
				4CB761571F116F9B00E6F9BE /* CacherDemo */,
			);
		};
/* End PBXProject section */

/* Begin PBXResourcesBuildPhase section */
		4CB761561F116F9B00E6F9BE /* Resources */ = {
			isa = PBXResourcesBuildPhase;
			buildActionMask = 2147483647;
			files = (
				4CB761651F116F9C00E6F9BE /* LaunchScreen.storyboard in Resources */,
				4CB761621F116F9C00E6F9BE /* Assets.xcassets in Resources */,
				4CB761601F116F9C00E6F9BE /* Main.storyboard in Resources */,
			);
			runOnlyForDeploymentPostprocessing = 0;
		};
		4CE882381F116D8400A2F3D8 /* Resources */ = {
			isa = PBXResourcesBuildPhase;
			buildActionMask = 2147483647;
			files = (
			);
			runOnlyForDeploymentPostprocessing = 0;
		};
		4CE882411F116D8400A2F3D8 /* Resources */ = {
			isa = PBXResourcesBuildPhase;
			buildActionMask = 2147483647;
			files = (
			);
			runOnlyForDeploymentPostprocessing = 0;
		};
/* End PBXResourcesBuildPhase section */

/* Begin PBXSourcesBuildPhase section */
		4CB761541F116F9B00E6F9BE /* Sources */ = {
			isa = PBXSourcesBuildPhase;
			buildActionMask = 2147483647;
			files = (
				4CB7615D1F116F9C00E6F9BE /* ViewController.swift in Sources */,
				4CB7615B1F116F9C00E6F9BE /* AppDelegate.swift in Sources */,
			);
			runOnlyForDeploymentPostprocessing = 0;
		};
		4CE882351F116D8400A2F3D8 /* Sources */ = {
			isa = PBXSourcesBuildPhase;
			buildActionMask = 2147483647;
			files = (
				4C710F21238B171600EB455F /* Cacher.swift in Sources */,
			);
			runOnlyForDeploymentPostprocessing = 0;
		};
		4CE8823F1F116D8400A2F3D8 /* Sources */ = {
			isa = PBXSourcesBuildPhase;
			buildActionMask = 2147483647;
			files = (
				4C710F28238B172A00EB455F /* CacherTests.swift in Sources */,
			);
			runOnlyForDeploymentPostprocessing = 0;
		};
/* End PBXSourcesBuildPhase section */

/* Begin PBXTargetDependency section */
		4C710F2D238C138C00EB455F /* PBXTargetDependency */ = {
			isa = PBXTargetDependency;
			target = 4CB761571F116F9B00E6F9BE /* CacherDemo */;
			targetProxy = 4C710F2C238C138C00EB455F /* PBXContainerItemProxy */;
		};
		4CCF5E5D1F5DEF7300CDC01C /* PBXTargetDependency */ = {
			isa = PBXTargetDependency;
			target = 4CE882391F116D8400A2F3D8 /* Cacher */;
			targetProxy = 4C11C6C61F8537A500EE0E35 /* PBXContainerItemProxy */;
		};
		4CE882461F116D8400A2F3D8 /* PBXTargetDependency */ = {
			isa = PBXTargetDependency;
			target = 4CE882391F116D8400A2F3D8 /* Cacher */;
			targetProxy = 4CE882451F116D8400A2F3D8 /* PBXContainerItemProxy */;
		};
/* End PBXTargetDependency section */

/* Begin PBXVariantGroup section */
		4CB7615E1F116F9C00E6F9BE /* Main.storyboard */ = {
			isa = PBXVariantGroup;
			children = (
				4CB7615F1F116F9C00E6F9BE /* Base */,
			);
			name = Main.storyboard;
			sourceTree = "<group>";
		};
		4CB761631F116F9C00E6F9BE /* LaunchScreen.storyboard */ = {
			isa = PBXVariantGroup;
			children = (
				4CB761641F116F9C00E6F9BE /* Base */,
			);
			name = LaunchScreen.storyboard;
			sourceTree = "<group>";
		};
/* End PBXVariantGroup section */

/* Begin XCBuildConfiguration section */
		4CB761681F116F9C00E6F9BE /* Debug */ = {
			isa = XCBuildConfiguration;
			buildSettings = {
				ALWAYS_EMBED_SWIFT_STANDARD_LIBRARIES = YES;
				ASSETCATALOG_COMPILER_APPICON_NAME = AppIcon;
				DEVELOPMENT_TEAM = R64MTWS872;
				INFOPLIST_FILE = CacherDemo/Info.plist;
				LD_RUNPATH_SEARCH_PATHS = "$(inherited) @executable_path/Frameworks";
				PRODUCT_BUNDLE_IDENTIFIER = com.raulriera.CacherDemo;
				PRODUCT_NAME = "$(TARGET_NAME)";
				SWIFT_VERSION = 5.0;
				TARGETED_DEVICE_FAMILY = "1,2";
			};
			name = Debug;
		};
		4CB761691F116F9C00E6F9BE /* Release */ = {
			isa = XCBuildConfiguration;
			buildSettings = {
				ALWAYS_EMBED_SWIFT_STANDARD_LIBRARIES = YES;
				ASSETCATALOG_COMPILER_APPICON_NAME = AppIcon;
				DEVELOPMENT_TEAM = R64MTWS872;
				INFOPLIST_FILE = CacherDemo/Info.plist;
				LD_RUNPATH_SEARCH_PATHS = "$(inherited) @executable_path/Frameworks";
				PRODUCT_BUNDLE_IDENTIFIER = com.raulriera.CacherDemo;
				PRODUCT_NAME = "$(TARGET_NAME)";
				SWIFT_VERSION = 5.0;
				TARGETED_DEVICE_FAMILY = "1,2";
			};
			name = Release;
		};
		4CE8824C1F116D8400A2F3D8 /* Debug */ = {
			isa = XCBuildConfiguration;
			buildSettings = {
				ALWAYS_SEARCH_USER_PATHS = NO;
				CLANG_ANALYZER_NONNULL = YES;
				CLANG_ANALYZER_NUMBER_OBJECT_CONVERSION = YES_AGGRESSIVE;
				CLANG_CXX_LANGUAGE_STANDARD = "gnu++14";
				CLANG_CXX_LIBRARY = "libc++";
				CLANG_ENABLE_MODULES = YES;
				CLANG_ENABLE_OBJC_ARC = YES;
				CLANG_WARN_BLOCK_CAPTURE_AUTORELEASING = YES;
				CLANG_WARN_BOOL_CONVERSION = YES;
				CLANG_WARN_COMMA = YES;
				CLANG_WARN_CONSTANT_CONVERSION = YES;
				CLANG_WARN_DEPRECATED_OBJC_IMPLEMENTATIONS = YES;
				CLANG_WARN_DIRECT_OBJC_ISA_USAGE = YES_ERROR;
				CLANG_WARN_DOCUMENTATION_COMMENTS = YES;
				CLANG_WARN_EMPTY_BODY = YES;
				CLANG_WARN_ENUM_CONVERSION = YES;
				CLANG_WARN_INFINITE_RECURSION = YES;
				CLANG_WARN_INT_CONVERSION = YES;
				CLANG_WARN_NON_LITERAL_NULL_CONVERSION = YES;
				CLANG_WARN_OBJC_IMPLICIT_RETAIN_SELF = YES;
				CLANG_WARN_OBJC_LITERAL_CONVERSION = YES;
				CLANG_WARN_OBJC_ROOT_CLASS = YES_ERROR;
				CLANG_WARN_RANGE_LOOP_ANALYSIS = YES;
				CLANG_WARN_STRICT_PROTOTYPES = YES;
				CLANG_WARN_SUSPICIOUS_MOVE = YES;
				CLANG_WARN_UNGUARDED_AVAILABILITY = YES_AGGRESSIVE;
				CLANG_WARN_UNREACHABLE_CODE = YES;
				CLANG_WARN__DUPLICATE_METHOD_MATCH = YES;
				CODE_SIGN_IDENTITY = "iPhone Developer";
				COPY_PHASE_STRIP = NO;
				CURRENT_PROJECT_VERSION = 1;
				DEBUG_INFORMATION_FORMAT = dwarf;
				ENABLE_STRICT_OBJC_MSGSEND = YES;
				ENABLE_TESTABILITY = YES;
				GCC_C_LANGUAGE_STANDARD = gnu11;
				GCC_DYNAMIC_NO_PIC = NO;
				GCC_NO_COMMON_BLOCKS = YES;
				GCC_OPTIMIZATION_LEVEL = 0;
				GCC_PREPROCESSOR_DEFINITIONS = (
					"DEBUG=1",
					"$(inherited)",
				);
				GCC_WARN_64_TO_32_BIT_CONVERSION = YES;
				GCC_WARN_ABOUT_RETURN_TYPE = YES_ERROR;
				GCC_WARN_UNDECLARED_SELECTOR = YES;
				GCC_WARN_UNINITIALIZED_AUTOS = YES_AGGRESSIVE;
				GCC_WARN_UNUSED_FUNCTION = YES;
				GCC_WARN_UNUSED_VARIABLE = YES;
				IPHONEOS_DEPLOYMENT_TARGET = 10.0;
				MTL_ENABLE_DEBUG_INFO = YES;
				ONLY_ACTIVE_ARCH = YES;
				SDKROOT = iphoneos;
				SWIFT_ACTIVE_COMPILATION_CONDITIONS = DEBUG;
				SWIFT_OPTIMIZATION_LEVEL = "-Onone";
				VERSIONING_SYSTEM = "apple-generic";
				VERSION_INFO_PREFIX = "";
			};
			name = Debug;
		};
		4CE8824D1F116D8400A2F3D8 /* Release */ = {
			isa = XCBuildConfiguration;
			buildSettings = {
				ALWAYS_SEARCH_USER_PATHS = NO;
				CLANG_ANALYZER_NONNULL = YES;
				CLANG_ANALYZER_NUMBER_OBJECT_CONVERSION = YES_AGGRESSIVE;
				CLANG_CXX_LANGUAGE_STANDARD = "gnu++14";
				CLANG_CXX_LIBRARY = "libc++";
				CLANG_ENABLE_MODULES = YES;
				CLANG_ENABLE_OBJC_ARC = YES;
				CLANG_WARN_BLOCK_CAPTURE_AUTORELEASING = YES;
				CLANG_WARN_BOOL_CONVERSION = YES;
				CLANG_WARN_COMMA = YES;
				CLANG_WARN_CONSTANT_CONVERSION = YES;
				CLANG_WARN_DEPRECATED_OBJC_IMPLEMENTATIONS = YES;
				CLANG_WARN_DIRECT_OBJC_ISA_USAGE = YES_ERROR;
				CLANG_WARN_DOCUMENTATION_COMMENTS = YES;
				CLANG_WARN_EMPTY_BODY = YES;
				CLANG_WARN_ENUM_CONVERSION = YES;
				CLANG_WARN_INFINITE_RECURSION = YES;
				CLANG_WARN_INT_CONVERSION = YES;
				CLANG_WARN_NON_LITERAL_NULL_CONVERSION = YES;
				CLANG_WARN_OBJC_IMPLICIT_RETAIN_SELF = YES;
				CLANG_WARN_OBJC_LITERAL_CONVERSION = YES;
				CLANG_WARN_OBJC_ROOT_CLASS = YES_ERROR;
				CLANG_WARN_RANGE_LOOP_ANALYSIS = YES;
				CLANG_WARN_STRICT_PROTOTYPES = YES;
				CLANG_WARN_SUSPICIOUS_MOVE = YES;
				CLANG_WARN_UNGUARDED_AVAILABILITY = YES_AGGRESSIVE;
				CLANG_WARN_UNREACHABLE_CODE = YES;
				CLANG_WARN__DUPLICATE_METHOD_MATCH = YES;
				CODE_SIGN_IDENTITY = "iPhone Developer";
				COPY_PHASE_STRIP = NO;
				CURRENT_PROJECT_VERSION = 1;
				DEBUG_INFORMATION_FORMAT = "dwarf-with-dsym";
				ENABLE_NS_ASSERTIONS = NO;
				ENABLE_STRICT_OBJC_MSGSEND = YES;
				GCC_C_LANGUAGE_STANDARD = gnu11;
				GCC_NO_COMMON_BLOCKS = YES;
				GCC_WARN_64_TO_32_BIT_CONVERSION = YES;
				GCC_WARN_ABOUT_RETURN_TYPE = YES_ERROR;
				GCC_WARN_UNDECLARED_SELECTOR = YES;
				GCC_WARN_UNINITIALIZED_AUTOS = YES_AGGRESSIVE;
				GCC_WARN_UNUSED_FUNCTION = YES;
				GCC_WARN_UNUSED_VARIABLE = YES;
				IPHONEOS_DEPLOYMENT_TARGET = 10.0;
				MTL_ENABLE_DEBUG_INFO = NO;
				SDKROOT = iphoneos;
				SWIFT_OPTIMIZATION_LEVEL = "-Owholemodule";
				VALIDATE_PRODUCT = YES;
				VERSIONING_SYSTEM = "apple-generic";
				VERSION_INFO_PREFIX = "";
			};
			name = Release;
		};
		4CE8824F1F116D8400A2F3D8 /* Debug */ = {
			isa = XCBuildConfiguration;
			buildSettings = {
				APPLICATION_EXTENSION_API_ONLY = YES;
				CLANG_ENABLE_MODULES = YES;
				CODE_SIGN_IDENTITY = "";
				"CODE_SIGN_IDENTITY[sdk=iphoneos*]" = "";
				CODE_SIGN_STYLE = Manual;
				DEFINES_MODULE = YES;
				DEVELOPMENT_TEAM = "";
				DYLIB_COMPATIBILITY_VERSION = 1;
				DYLIB_CURRENT_VERSION = 1;
				DYLIB_INSTALL_NAME_BASE = "@rpath";
				INFOPLIST_FILE = "$(SRCROOT)/Sources/Cacher/Info.plist";
				INSTALL_PATH = "$(LOCAL_LIBRARY_DIR)/Frameworks";
				LD_RUNPATH_SEARCH_PATHS = "$(inherited) @executable_path/Frameworks @loader_path/Frameworks";
				MACOSX_DEPLOYMENT_TARGET = 10.11;
				PRODUCT_BUNDLE_IDENTIFIER = com.raulriera.Cacher;
				PRODUCT_NAME = "$(TARGET_NAME:c99extidentifier)";
				PROVISIONING_PROFILE_SPECIFIER = "";
				SKIP_INSTALL = YES;
				SUPPORTED_PLATFORMS = "iphonesimulator iphoneos appletvsimulator appletvos watchsimulator watchos macosx";
				SWIFT_OPTIMIZATION_LEVEL = "-Onone";
				SWIFT_VERSION = 5.0;
				TARGETED_DEVICE_FAMILY = "1,2,3,4";
				TVOS_DEPLOYMENT_TARGET = 10.0;
				VALID_ARCHS = "x86_64 i386 arm64";
				WATCHOS_DEPLOYMENT_TARGET = 3.0;
			};
			name = Debug;
		};
		4CE882501F116D8400A2F3D8 /* Release */ = {
			isa = XCBuildConfiguration;
			buildSettings = {
				APPLICATION_EXTENSION_API_ONLY = YES;
				CLANG_ENABLE_MODULES = YES;
				CODE_SIGN_IDENTITY = "";
				"CODE_SIGN_IDENTITY[sdk=iphoneos*]" = "";
				CODE_SIGN_STYLE = Manual;
				DEFINES_MODULE = YES;
				DEVELOPMENT_TEAM = "";
				DYLIB_COMPATIBILITY_VERSION = 1;
				DYLIB_CURRENT_VERSION = 1;
				DYLIB_INSTALL_NAME_BASE = "@rpath";
				INFOPLIST_FILE = "$(SRCROOT)/Sources/Cacher/Info.plist";
				INSTALL_PATH = "$(LOCAL_LIBRARY_DIR)/Frameworks";
				LD_RUNPATH_SEARCH_PATHS = "$(inherited) @executable_path/Frameworks @loader_path/Frameworks";
				MACOSX_DEPLOYMENT_TARGET = 10.11;
				PRODUCT_BUNDLE_IDENTIFIER = com.raulriera.Cacher;
				PRODUCT_NAME = "$(TARGET_NAME:c99extidentifier)";
				PROVISIONING_PROFILE_SPECIFIER = "";
				SKIP_INSTALL = YES;
				SUPPORTED_PLATFORMS = "iphonesimulator iphoneos appletvsimulator appletvos watchsimulator watchos macosx";
				SWIFT_VERSION = 5.0;
				TARGETED_DEVICE_FAMILY = "1,2,3,4";
				TVOS_DEPLOYMENT_TARGET = 10.0;
				VALID_ARCHS = "x86_64 i386 arm64";
				WATCHOS_DEPLOYMENT_TARGET = 3.0;
			};
			name = Release;
		};
		4CE882521F116D8400A2F3D8 /* Debug */ = {
			isa = XCBuildConfiguration;
			buildSettings = {
				ALWAYS_EMBED_SWIFT_STANDARD_LIBRARIES = YES;
				CODE_SIGN_IDENTITY = "";
				"CODE_SIGN_IDENTITY[sdk=iphoneos*]" = "iPhone Developer";
				CODE_SIGN_STYLE = Automatic;
				DEVELOPMENT_TEAM = "";
				INFOPLIST_FILE = "$(SRCROOT)/Tests/CacherTests/Info.plist";
				LD_RUNPATH_SEARCH_PATHS = "$(inherited) @executable_path/Frameworks @loader_path/Frameworks @executable_path/../Frameworks @loader_path/../Frameworks";
				MACOSX_DEPLOYMENT_TARGET = 10.11;
				PRODUCT_BUNDLE_IDENTIFIER = com.raulriera.CacherTests;
				PRODUCT_NAME = "$(TARGET_NAME)";
				PROVISIONING_PROFILE_SPECIFIER = "";
				SUPPORTED_PLATFORMS = "iphonesimulator iphoneos appletvsimulator appletvos watchsimulator watchos macosx";
				SWIFT_VERSION = 4.0;
				TARGETED_DEVICE_FAMILY = "1,2,3,4";
				TVOS_DEPLOYMENT_TARGET = 10.0;
				VALID_ARCHS = "i386 x86_64";
				WATCHOS_DEPLOYMENT_TARGET = 3.0;
			};
			name = Debug;
		};
		4CE882531F116D8400A2F3D8 /* Release */ = {
			isa = XCBuildConfiguration;
			buildSettings = {
				ALWAYS_EMBED_SWIFT_STANDARD_LIBRARIES = YES;
				CODE_SIGN_IDENTITY = "";
				"CODE_SIGN_IDENTITY[sdk=iphoneos*]" = "iPhone Developer";
				CODE_SIGN_STYLE = Automatic;
				DEVELOPMENT_TEAM = "";
				INFOPLIST_FILE = CacherTests/Info.plist;
				LD_RUNPATH_SEARCH_PATHS = "$(inherited) @executable_path/Frameworks @loader_path/Frameworks @executable_path/../Frameworks @loader_path/../Frameworks";
				MACOSX_DEPLOYMENT_TARGET = 10.11;
				PRODUCT_BUNDLE_IDENTIFIER = com.raulriera.CacherTests;
				PRODUCT_NAME = "$(TARGET_NAME)";
				PROVISIONING_PROFILE_SPECIFIER = "";
				SUPPORTED_PLATFORMS = "iphonesimulator iphoneos appletvsimulator appletvos watchsimulator watchos macosx";
				SWIFT_VERSION = 4.0;
				TARGETED_DEVICE_FAMILY = "1,2,3,4";
				TVOS_DEPLOYMENT_TARGET = 10.0;
				VALID_ARCHS = "i386 x86_64";
				WATCHOS_DEPLOYMENT_TARGET = 3.0;
			};
			name = Release;
		};
/* End XCBuildConfiguration section */

/* Begin XCConfigurationList section */
		4CB761671F116F9C00E6F9BE /* Build configuration list for PBXNativeTarget "CacherDemo" */ = {
			isa = XCConfigurationList;
			buildConfigurations = (
				4CB761681F116F9C00E6F9BE /* Debug */,
				4CB761691F116F9C00E6F9BE /* Release */,
			);
			defaultConfigurationIsVisible = 0;
			defaultConfigurationName = Release;
		};
		4CE882341F116D8400A2F3D8 /* Build configuration list for PBXProject "Cacher" */ = {
			isa = XCConfigurationList;
			buildConfigurations = (
				4CE8824C1F116D8400A2F3D8 /* Debug */,
				4CE8824D1F116D8400A2F3D8 /* Release */,
			);
			defaultConfigurationIsVisible = 0;
			defaultConfigurationName = Release;
		};
		4CE8824E1F116D8400A2F3D8 /* Build configuration list for PBXNativeTarget "Cacher" */ = {
			isa = XCConfigurationList;
			buildConfigurations = (
				4CE8824F1F116D8400A2F3D8 /* Debug */,
				4CE882501F116D8400A2F3D8 /* Release */,
			);
			defaultConfigurationIsVisible = 0;
			defaultConfigurationName = Release;
		};
		4CE882511F116D8400A2F3D8 /* Build configuration list for PBXNativeTarget "CacherTests" */ = {
			isa = XCConfigurationList;
			buildConfigurations = (
				4CE882521F116D8400A2F3D8 /* Debug */,
				4CE882531F116D8400A2F3D8 /* Release */,
			);
			defaultConfigurationIsVisible = 0;
			defaultConfigurationName = Release;
		};
/* End XCConfigurationList section */
	};
	rootObject = 4CE882311F116D8400A2F3D8 /* Project object */;
}
